
Microsoft Visual Studio Solution File, Format Version 12.00
# Visual Studio Version 17
VisualStudioVersion = 17.13.35825.156 d17.13
MinimumVisualStudioVersion = 10.0.40219.1
Project("{FAE04EC0-301F-11D3-BF4B-00C04F79EFBC}") = "Proiect_SCD", "Proiect_SCD\Proiect_SCD.csproj", "{3FDE4430-42F0-44B4-84FE-150473C28445}"
EndProject
Global
	GlobalSection(SolutionConfigurationPlatforms) = preSolution
		Debug|Any CPU = Debug|Any CPU
		Release|Any CPU = Release|Any CPU
	EndGlobalSection
	GlobalSection(ProjectConfigurationPlatforms) = postSolution
		{3FDE4430-42F0-44B4-84FE-150473C28445}.Debug|Any CPU.ActiveCfg = Debug|Any CPU
		{3FDE4430-42F0-44B4-84FE-150473C28445}.Debug|Any CPU.Build.0 = Debug|Any CPU
		{3FDE4430-42F0-44B4-84FE-150473C28445}.Release|Any CPU.ActiveCfg = Release|Any CPU
		{3FDE4430-42F0-44B4-84FE-150473C28445}.Release|Any CPU.Build.0 = Release|Any CPU
	EndGlobalSection
	GlobalSection(SolutionProperties) = preSolution
		HideSolutionNode = FALSE
	EndGlobalSection
	GlobalSection(ExtensibilityGlobals) = postSolution
		SolutionGuid = {B0CBF02E-CD40-4428-AFD2-D9FCCF3706F3}
	EndGlobalSection
EndGlobal
